{
  "version": 4,
  "terraform_version": "1.5.7",
  "serial": 20,
  "lineage": "16e45b09-7169-37c5-6572-2a90dfd88f5b",
  "outputs": {
    "apex_redirect_ip": {
      "value": "34.160.70.243",
      "type": "string"
    },
    "managed_ssl_status_note": {
      "value": "See Google Console: Network Services -\u003e Load balancing -\u003e Certificates",
      "type": "string"
    }
  },
  "resources": [
    {
      "mode": "data",
      "type": "google_dns_managed_zone",
      "name": "zone",
      "provider": "provider[\"registry.terraform.io/hashicorp/google\"].dns",
      "instances": [
        {
          "schema_version": 0,
          "attributes": {
            "description": "ドメインの DNS ゾーン: inuverse.dev",
            "dns_name": "inuverse.dev.",
            "id": "projects/inuverse-portfolio/managedZones/inuverse-dev",
            "managed_zone_id": 964782244597940312,
            "name": "inuverse-dev",
            "name_servers": [
              "ns-cloud-c1.googledomains.com.",
              "ns-cloud-c2.googledomains.com.",
              "ns-cloud-c3.googledomains.com.",
              "ns-cloud-c4.googledomains.com."
            ],
            "project": "inuverse-portfolio",
            "visibility": "public"
          },
          "sensitive_attributes": []
        }
      ]
    },
    {
      "mode": "managed",
      "type": "google_compute_global_address",
      "name": "apex_redirect_ip",
      "provider": "provider[\"registry.terraform.io/hashicorp/google\"]",
      "instances": [
        {
          "schema_version": 0,
          "attributes": {
            "address": "34.160.70.243",
            "address_type": "EXTERNAL",
            "creation_timestamp": "2026-01-08T21:56:24.213-08:00",
            "description": "",
            "effective_labels": {
              "goog-terraform-provisioned": "true"
            },
            "id": "projects/inuverse-portfolio/global/addresses/apex-redirect-ip",
            "ip_version": "",
            "label_fingerprint": "vezUS-42LLM=",
            "labels": {},
            "name": "apex-redirect-ip",
            "network": "",
            "prefix_length": 0,
            "project": "inuverse-portfolio",
            "purpose": "",
            "self_link": "https://www.googleapis.com/compute/v1/projects/inuverse-portfolio/global/addresses/apex-redirect-ip",
            "terraform_labels": {
              "goog-terraform-provisioned": "true"
            },
            "timeouts": null
          },
          "sensitive_attributes": [],
          "private": "eyJlMmJmYjczMC1lY2FhLTExZTYtOGY4OC0zNDM2M2JjN2M0YzAiOnsiY3JlYXRlIjoxMjAwMDAwMDAwMDAwLCJkZWxldGUiOjEyMDAwMDAwMDAwMDAsInVwZGF0ZSI6MTIwMDAwMDAwMDAwMH19",
          "dependencies": [
            "google_project_service.compute"
          ]
        }
      ]
    },
    {
      "mode": "managed",
      "type": "google_compute_global_forwarding_rule",
      "name": "apex_http_forwarding",
      "provider": "provider[\"registry.terraform.io/hashicorp/google\"]",
      "instances": [
        {
          "schema_version": 0,
          "attributes": {
            "base_forwarding_rule": "",
            "description": "",
            "effective_labels": {},
            "external_managed_backend_bucket_migration_state": "",
            "external_managed_backend_bucket_migration_testing_percentage": 0,
            "forwarding_rule_id": 4397114424680063201,
            "id": "projects/inuverse-portfolio/global/forwardingRules/apex-http-forwarding-rule",
            "ip_address": "34.160.70.243",
            "ip_protocol": "TCP",
            "ip_version": "",
            "label_fingerprint": "42WmSpB8rSM=",
            "labels": null,
            "load_balancing_scheme": "EXTERNAL",
            "metadata_filters": [],
            "name": "apex-http-forwarding-rule",
            "network": "",
            "network_tier": "PREMIUM",
            "no_automate_dns_zone": null,
            "port_range": "80-80",
            "project": "inuverse-portfolio",
            "psc_connection_id": "",
            "psc_connection_status": "",
            "self_link": "https://www.googleapis.com/compute/v1/projects/inuverse-portfolio/global/forwardingRules/apex-http-forwarding-rule",
            "service_directory_registrations": [],
            "source_ip_ranges": null,
            "subnetwork": "",
            "target": "https://www.googleapis.com/compute/v1/projects/inuverse-portfolio/global/targetHttpProxies/apex-http-proxy",
            "terraform_labels": {},
            "timeouts": null
          },
          "sensitive_attributes": [],
          "private": "eyJlMmJmYjczMC1lY2FhLTExZTYtOGY4OC0zNDM2M2JjN2M0YzAiOnsiY3JlYXRlIjoxMjAwMDAwMDAwMDAwLCJkZWxldGUiOjEyMDAwMDAwMDAwMDAsInVwZGF0ZSI6MTIwMDAwMDAwMDAwMH19",
          "dependencies": [
            "google_compute_global_address.apex_redirect_ip",
            "google_compute_target_http_proxy.apex_http_proxy",
            "google_project_service.compute"
          ]
        }
      ]
    },
    {
      "mode": "managed",
      "type": "google_compute_global_forwarding_rule",
      "name": "apex_https_forwarding",
      "provider": "provider[\"registry.terraform.io/hashicorp/google\"]",
      "instances": [
        {
          "schema_version": 0,
          "attributes": {
            "base_forwarding_rule": "",
            "description": "",
            "effective_labels": {},
            "external_managed_backend_bucket_migration_state": "",
            "external_managed_backend_bucket_migration_testing_percentage": 0,
            "forwarding_rule_id": 4903724749459103956,
            "id": "projects/inuverse-portfolio/global/forwardingRules/apex-https-forwarding-rule",
            "ip_address": "34.160.70.243",
            "ip_protocol": "TCP",
            "ip_version": "",
            "label_fingerprint": "42WmSpB8rSM=",
            "labels": null,
            "load_balancing_scheme": "EXTERNAL",
            "metadata_filters": [],
            "name": "apex-https-forwarding-rule",
            "network": "",
            "network_tier": "PREMIUM",
            "no_automate_dns_zone": null,
            "port_range": "443-443",
            "project": "inuverse-portfolio",
            "psc_connection_id": "",
            "psc_connection_status": "",
            "self_link": "https://www.googleapis.com/compute/v1/projects/inuverse-portfolio/global/forwardingRules/apex-https-forwarding-rule",
            "service_directory_registrations": [],
            "source_ip_ranges": null,
            "subnetwork": "",
            "target": "https://www.googleapis.com/compute/v1/projects/inuverse-portfolio/global/targetHttpsProxies/apex-https-proxy",
            "terraform_labels": {},
            "timeouts": null
          },
          "sensitive_attributes": [],
          "private": "eyJlMmJmYjczMC1lY2FhLTExZTYtOGY4OC0zNDM2M2JjN2M0YzAiOnsiY3JlYXRlIjoxMjAwMDAwMDAwMDAwLCJkZWxldGUiOjEyMDAwMDAwMDAwMDAsInVwZGF0ZSI6MTIwMDAwMDAwMDAwMH19",
          "dependencies": [
            "google_compute_global_address.apex_redirect_ip",
            "google_compute_managed_ssl_certificate.apex_ssl",
            "google_compute_target_https_proxy.apex_https_proxy",
            "google_compute_url_map.apex_redirect_map",
            "google_project_service.compute"
          ]
        }
      ]
    },
    {
      "mode": "managed",
      "type": "google_compute_managed_ssl_certificate",
      "name": "apex_ssl",
      "provider": "provider[\"registry.terraform.io/hashicorp/google\"]",
      "instances": [
        {
          "schema_version": 0,
          "attributes": {
            "certificate_id": 6414443246303125729,
            "creation_timestamp": "2026-01-08T22:19:58.339-08:00",
            "description": "",
            "expire_time": "",
            "id": "projects/inuverse-portfolio/global/sslCertificates/apex-ssl",
            "managed": [
              {
                "domains": [
                  "inuverse.dev"
                ]
              }
            ],
            "name": "apex-ssl",
            "project": "inuverse-portfolio",
            "self_link": "https://www.googleapis.com/compute/v1/projects/inuverse-portfolio/global/sslCertificates/apex-ssl",
            "subject_alternative_names": [],
            "timeouts": null,
            "type": "MANAGED"
          },
          "sensitive_attributes": [],
          "private": "eyJlMmJmYjczMC1lY2FhLTExZTYtOGY4OC0zNDM2M2JjN2M0YzAiOnsiY3JlYXRlIjoxODAwMDAwMDAwMDAwLCJkZWxldGUiOjE4MDAwMDAwMDAwMDB9fQ==",
          "dependencies": [
            "google_project_service.compute"
          ]
        }
      ]
    },
    {
      "mode": "managed",
      "type": "google_compute_target_http_proxy",
      "name": "apex_http_proxy",
      "provider": "provider[\"registry.terraform.io/hashicorp/google\"]",
      "instances": [
        {
          "schema_version": 0,
          "attributes": {
            "creation_timestamp": "2026-01-08T21:56:36.348-08:00",
            "description": "",
            "fingerprint": "XlExm5s6SYY=",
            "http_keep_alive_timeout_sec": 0,
            "id": "projects/inuverse-portfolio/global/targetHttpProxies/apex-http-proxy",
            "name": "apex-http-proxy",
            "project": "inuverse-portfolio",
            "proxy_bind": false,
            "proxy_id": 8346149141806392955,
            "self_link": "https://www.googleapis.com/compute/v1/projects/inuverse-portfolio/global/targetHttpProxies/apex-http-proxy",
            "timeouts": null,
            "url_map": "https://www.googleapis.com/compute/v1/projects/inuverse-portfolio/global/urlMaps/apex-redirect-map"
          },
          "sensitive_attributes": [],
          "private": "eyJlMmJmYjczMC1lY2FhLTExZTYtOGY4OC0zNDM2M2JjN2M0YzAiOnsiY3JlYXRlIjoxMjAwMDAwMDAwMDAwLCJkZWxldGUiOjEyMDAwMDAwMDAwMDAsInVwZGF0ZSI6MTIwMDAwMDAwMDAwMH19",
          "dependencies": [
            "google_compute_url_map.apex_redirect_map",
            "google_project_service.compute"
          ]
        }
      ]
    },
    {
      "mode": "managed",
      "type": "google_compute_target_https_proxy",
      "name": "apex_https_proxy",
      "provider": "provider[\"registry.terraform.io/hashicorp/google\"]",
      "instances": [
        {
          "schema_version": 0,
          "attributes": {
            "certificate_manager_certificates": null,
            "certificate_map": "",
            "creation_timestamp": "2026-01-08T22:20:31.137-08:00",
            "description": "",
            "fingerprint": "Ljevg_2AWW4=",
            "http_keep_alive_timeout_sec": 0,
            "id": "projects/inuverse-portfolio/global/targetHttpsProxies/apex-https-proxy",
            "name": "apex-https-proxy",
            "project": "inuverse-portfolio",
            "proxy_bind": false,
            "proxy_id": 4173775927719567552,
            "quic_override": "NONE",
            "self_link": "https://www.googleapis.com/compute/v1/projects/inuverse-portfolio/global/targetHttpsProxies/apex-https-proxy",
            "server_tls_policy": "",
            "ssl_certificates": [
              "https://www.googleapis.com/compute/v1/projects/inuverse-portfolio/global/sslCertificates/apex-ssl"
            ],
            "ssl_policy": "",
            "timeouts": null,
            "tls_early_data": "DISABLED",
            "url_map": "https://www.googleapis.com/compute/v1/projects/inuverse-portfolio/global/urlMaps/apex-redirect-map"
          },
          "sensitive_attributes": [],
          "private": "eyJlMmJmYjczMC1lY2FhLTExZTYtOGY4OC0zNDM2M2JjN2M0YzAiOnsiY3JlYXRlIjoxMjAwMDAwMDAwMDAwLCJkZWxldGUiOjEyMDAwMDAwMDAwMDAsInVwZGF0ZSI6MTIwMDAwMDAwMDAwMH19",
          "dependencies": [
            "google_compute_managed_ssl_certificate.apex_ssl",
            "google_compute_url_map.apex_redirect_map",
            "google_project_service.compute"
          ]
        }
      ]
    },
    {
      "mode": "managed",
      "type": "google_compute_url_map",
      "name": "apex_redirect_map",
      "provider": "provider[\"registry.terraform.io/hashicorp/google\"]",
      "instances": [
        {
          "schema_version": 0,
          "attributes": {
            "creation_timestamp": "2026-01-08T21:56:24.103-08:00",
            "default_custom_error_response_policy": [],
            "default_route_action": [],
            "default_service": "",
            "default_url_redirect": [
              {
                "host_redirect": "www.inuverse.dev",
                "https_redirect": true,
                "path_redirect": "",
                "prefix_redirect": "",
                "redirect_response_code": "MOVED_PERMANENTLY_DEFAULT",
                "strip_query": false
              }
            ],
            "description": "",
            "fingerprint": "dgm7wbmBiAw=",
            "header_action": [],
            "host_rule": [],
            "id": "projects/inuverse-portfolio/global/urlMaps/apex-redirect-map",
            "map_id": 3971430573771925095,
            "name": "apex-redirect-map",
            "path_matcher": [],
            "project": "inuverse-portfolio",
            "self_link": "https://www.googleapis.com/compute/v1/projects/inuverse-portfolio/global/urlMaps/apex-redirect-map",
            "test": [],
            "timeouts": null
          },
          "sensitive_attributes": [],
          "private": "eyJlMmJmYjczMC1lY2FhLTExZTYtOGY4OC0zNDM2M2JjN2M0YzAiOnsiY3JlYXRlIjoxMjAwMDAwMDAwMDAwLCJkZWxldGUiOjEyMDAwMDAwMDAwMDAsInVwZGF0ZSI6MTIwMDAwMDAwMDAwMH19",
          "dependencies": [
            "google_project_service.compute"
          ]
        }
      ]
    },
    {
      "mode": "managed",
      "type": "google_dns_record_set",
      "name": "apex_a",
      "provider": "provider[\"registry.terraform.io/hashicorp/google\"].dns",
      "instances": [
        {
          "schema_version": 0,
          "attributes": {
            "id": "projects/inuverse-portfolio/managedZones/inuverse-dev/rrsets/inuverse.dev./A",
            "managed_zone": "inuverse-dev",
            "name": "inuverse.dev.",
            "project": "inuverse-portfolio",
            "routing_policy": [],
            "rrdatas": [
              "34.160.70.243"
            ],
            "ttl": 300,
            "type": "A"
          },
          "sensitive_attributes": [],
          "private": "bnVsbA==",
          "dependencies": [
            "data.google_dns_managed_zone.zone",
            "google_compute_global_address.apex_redirect_ip",
            "google_project_service.dns"
          ]
        }
      ]
    },
    {
      "mode": "managed",
      "type": "google_project_service",
      "name": "compute",
      "provider": "provider[\"registry.terraform.io/hashicorp/google\"]",
      "instances": [
        {
          "schema_version": 0,
          "attributes": {
            "disable_dependent_services": null,
            "disable_on_destroy": false,
            "id": "inuverse-portfolio/compute.googleapis.com",
            "project": "inuverse-portfolio",
            "service": "compute.googleapis.com",
            "timeouts": null
          },
          "sensitive_attributes": [],
          "private": "eyJlMmJmYjczMC1lY2FhLTExZTYtOGY4OC0zNDM2M2JjN2M0YzAiOnsiY3JlYXRlIjoxMjAwMDAwMDAwMDAwLCJkZWxldGUiOjEyMDAwMDAwMDAwMDAsInJlYWQiOjYwMDAwMDAwMDAwMCwidXBkYXRlIjoxMjAwMDAwMDAwMDAwfX0="
        }
      ]
    },
    {
      "mode": "managed",
      "type": "google_project_service",
      "name": "dns",
      "provider": "provider[\"registry.terraform.io/hashicorp/google\"].dns",
      "instances": [
        {
          "schema_version": 0,
          "attributes": {
            "disable_dependent_services": null,
            "disable_on_destroy": false,
            "id": "inuverse-portfolio/dns.googleapis.com",
            "project": "inuverse-portfolio",
            "service": "dns.googleapis.com",
            "timeouts": null
          },
          "sensitive_attributes": [],
          "private": "eyJlMmJmYjczMC1lY2FhLTExZTYtOGY4OC0zNDM2M2JjN2M0YzAiOnsiY3JlYXRlIjoxMjAwMDAwMDAwMDAwLCJkZWxldGUiOjEyMDAwMDAwMDAwMDAsInJlYWQiOjYwMDAwMDAwMDAwMCwidXBkYXRlIjoxMjAwMDAwMDAwMDAwfX0="
        }
      ]
    }
  ],
  "check_results": null
}
